// !$*UTF8*$!
{
	archiveVersion = 1;
	classes = {
	};
	objectVersion = 46;
	objects = {

/* Begin PBXBuildFile section */
		404009CA1E2B15F000DD6C39 /* AppDelegate.swift in Sources */ = {isa = PBXBuildFile; fileRef = 404009C91E2B15F000DD6C39 /* AppDelegate.swift */; };
		404009CC1E2B15F000DD6C39 /* ViewController.swift in Sources */ = {isa = PBXBuildFile; fileRef = 404009CB1E2B15F000DD6C39 /* ViewController.swift */; };
		404009CF1E2B15F000DD6C39 /* Main.storyboard in Resources */ = {isa = PBXBuildFile; fileRef = 404009CD1E2B15F000DD6C39 /* Main.storyboard */; };
		404009D11E2B15F000DD6C39 /* Assets.xcassets in Resources */ = {isa = PBXBuildFile; fileRef = 404009D01E2B15F000DD6C39 /* Assets.xcassets */; };
		404009D41E2B15F000DD6C39 /* LaunchScreen.storyboard in Resources */ = {isa = PBXBuildFile; fileRef = 404009D21E2B15F000DD6C39 /* LaunchScreen.storyboard */; };
		404009E11E2B24AA00DD6C39 /* Player.swift in Sources */ = {isa = PBXBuildFile; fileRef = 404009E01E2B24AA00DD6C39 /* Player.swift */; };
		404009E51E2B8D9D00DD6C39 /* PlayerTrack.swift in Sources */ = {isa = PBXBuildFile; fileRef = 404009E41E2B8D9D00DD6C39 /* PlayerTrack.swift */; };
		404009E71E2C59F900DD6C39 /* MainViewController.swift in Sources */ = {isa = PBXBuildFile; fileRef = 404009E61E2C59F900DD6C39 /* MainViewController.swift */; };
/* End PBXBuildFile section */

/* Begin PBXFileReference section */
		404009C61E2B15F000DD6C39 /* MYVideoPlayer.app */ = {isa = PBXFileReference; explicitFileType = wrapper.application; includeInIndex = 0; path = MYVideoPlayer.app; sourceTree = BUILT_PRODUCTS_DIR; };
		404009C91E2B15F000DD6C39 /* AppDelegate.swift */ = {isa = PBXFileReference; lastKnownFileType = sourcecode.swift; path = AppDelegate.swift; sourceTree = "<group>"; };
		404009CB1E2B15F000DD6C39 /* ViewController.swift */ = {isa = PBXFileReference; lastKnownFileType = sourcecode.swift; path = ViewController.swift; sourceTree = "<group>"; };
		404009CE1E2B15F000DD6C39 /* Base */ = {isa = PBXFileReference; lastKnownFileType = file.storyboard; name = Base; path = Base.lproj/Main.storyboard; sourceTree = "<group>"; };
		404009D01E2B15F000DD6C39 /* Assets.xcassets */ = {isa = PBXFileReference; lastKnownFileType = folder.assetcatalog; path = Assets.xcassets; sourceTree = "<group>"; };
		404009D31E2B15F000DD6C39 /* Base */ = {isa = PBXFileReference; lastKnownFileType = file.storyboard; name = Base; path = Base.lproj/LaunchScreen.storyboard; sourceTree = "<group>"; };
		404009D51E2B15F000DD6C39 /* Info.plist */ = {isa = PBXFileReference; lastKnownFileType = text.plist.xml; path = Info.plist; sourceTree = "<group>"; };
		404009E01E2B24AA00DD6C39 /* Player.swift */ = {isa = PBXFileReference; fileEncoding = 4; lastKnownFileType = sourcecode.swift; path = Player.swift; sourceTree = "<group>"; };
		404009E41E2B8D9D00DD6C39 /* PlayerTrack.swift */ = {isa = PBXFileReference; fileEncoding = 4; lastKnownFileType = sourcecode.swift; path = PlayerTrack.swift; sourceTree = "<group>"; };
		404009E61E2C59F900DD6C39 /* MainViewController.swift */ = {isa = PBXFileReference; fileEncoding = 4; lastKnownFileType = sourcecode.swift; path = MainViewController.swift; sourceTree = "<group>"; };
/* End PBXFileReference section */

/* Begin PBXFrameworksBuildPhase section */
		404009C31E2B15F000DD6C39 /* Frameworks */ = {
			isa = PBXFrameworksBuildPhase;
			buildActionMask = 2147483647;
			files = (
			);
			runOnlyForDeploymentPostprocessing = 0;
		};
/* End PBXFrameworksBuildPhase section */

/* Begin PBXGroup section */
		404009BD1E2B15F000DD6C39 = {
			isa = PBXGroup;
			children = (
				404009C81E2B15F000DD6C39 /* MYVideoPlayer */,
				404009C71E2B15F000DD6C39 /* Products */,
			);
			sourceTree = "<group>";
		};
		404009C71E2B15F000DD6C39 /* Products */ = {
			isa = PBXGroup;
			children = (
				404009C61E2B15F000DD6C39 /* MYVideoPlayer.app */,
			);
			name = Products;
			sourceTree = "<group>";
		};
		404009C81E2B15F000DD6C39 /* MYVideoPlayer */ = {
			isa = PBXGroup;
			children = (
				404009C91E2B15F000DD6C39 /* AppDelegate.swift */,
				404009E61E2C59F900DD6C39 /* MainViewController.swift */,
				404009CB1E2B15F000DD6C39 /* ViewController.swift */,
				404009CD1E2B15F000DD6C39 /* Main.storyboard */,
				404009D01E2B15F000DD6C39 /* Assets.xcassets */,
				404009D21E2B15F000DD6C39 /* LaunchScreen.storyboard */,
				404009D51E2B15F000DD6C39 /* Info.plist */,
				404009DF1E2B24AA00DD6C39 /* MYPlayer */,
			);
			path = MYVideoPlayer;
			sourceTree = "<group>";
		};
		404009DF1E2B24AA00DD6C39 /* MYPlayer */ = {
			isa = PBXGroup;
			children = (
				404009E01E2B24AA00DD6C39 /* Player.swift */,
				404009E41E2B8D9D00DD6C39 /* PlayerTrack.swift */,
			);
			path = MYPlayer;
			sourceTree = "<group>";
		};
/* End PBXGroup section */

/* Begin PBXNativeTarget section */
		404009C51E2B15F000DD6C39 /* MYVideoPlayer */ = {
			isa = PBXNativeTarget;
			buildConfigurationList = 404009D81E2B15F000DD6C39 /* Build configuration list for PBXNativeTarget "MYVideoPlayer" */;
			buildPhases = (
				404009C21E2B15F000DD6C39 /* Sources */,
				404009C31E2B15F000DD6C39 /* Frameworks */,
				404009C41E2B15F000DD6C39 /* Resources */,
			);
			buildRules = (
			);
			dependencies = (
			);
			name = MYVideoPlayer;
			productName = MYVideoPlayer;
			productReference = 404009C61E2B15F000DD6C39 /* MYVideoPlayer.app */;
			productType = "com.apple.product-type.application";
		};
/* End PBXNativeTarget section */

/* Begin PBXProject section */
		404009BE1E2B15F000DD6C39 /* Project object */ = {
			isa = PBXProject;
			attributes = {
				LastSwiftUpdateCheck = 0820;
				LastUpgradeCheck = 0820;
				ORGANIZATIONNAME = "朱益锋";
				TargetAttributes = {
					404009C51E2B15F000DD6C39 = {
						CreatedOnToolsVersion = 8.2.1;
						DevelopmentTeam = 6PV3E3Y4LF;
						ProvisioningStyle = Automatic;
					};
				};
			};
			buildConfigurationList = 404009C11E2B15F000DD6C39 /* Build configuration list for PBXProject "MYVideoPlayer" */;
			compatibilityVersion = "Xcode 3.2";
			developmentRegion = English;
			hasScannedForEncodings = 0;
			knownRegions = (
				en,
				Base,
			);
			mainGroup = 404009BD1E2B15F000DD6C39;
			productRefGroup = 404009C71E2B15F000DD6C39 /* Products */;
			projectDirPath = "";
			projectRoot = "";
			targets = (
				404009C51E2B15F000DD6C39 /* MYVideoPlayer */,
			);
		};
/* End PBXProject section */

/* Begin PBXResourcesBuildPhase section */
		404009C41E2B15F000DD6C39 /* Resources */ = {
			isa = PBXResourcesBuildPhase;
			buildActionMask = 2147483647;
			files = (
				404009D41E2B15F000DD6C39 /* LaunchScreen.storyboard in Resources */,
				404009D11E2B15F000DD6C39 /* Assets.xcassets in Resources */,
				404009CF1E2B15F000DD6C39 /* Main.storyboard in Resources */,
			);
			runOnlyForDeploymentPostprocessing = 0;
		};
/* End PBXResourcesBuildPhase section */

/* Begin PBXSourcesBuildPhase section */
		404009C21E2B15F000DD6C39 /* Sources */ = {
			isa = PBXSourcesBuildPhase;
			buildActionMask = 2147483647;
			files = (
				404009E11E2B24AA00DD6C39 /* Player.swift in Sources */,
				404009CC1E2B15F000DD6C39 /* ViewController.swift in Sources */,
				404009E51E2B8D9D00DD6C39 /* PlayerTrack.swift in Sources */,
				404009CA1E2B15F000DD6C39 /* AppDelegate.swift in Sources */,
				404009E71E2C59F900DD6C39 /* MainViewController.swift in Sources */,
			);
			runOnlyForDeploymentPostprocessing = 0;
		};
/* End PBXSourcesBuildPhase section */

/* Begin PBXVariantGroup section */
		404009CD1E2B15F000DD6C39 /* Main.storyboard */ = {
			isa = PBXVariantGroup;
			children = (
				404009CE1E2B15F000DD6C39 /* Base */,
			);
			name = Main.storyboard;
			sourceTree = "<group>";
		};
		404009D21E2B15F000DD6C39 /* LaunchScreen.storyboard */ = {
			isa = PBXVariantGroup;
			children = (
				404009D31E2B15F000DD6C39 /* Base */,
			);
			name = LaunchScreen.storyboard;
			sourceTree = "<group>";
		};
/* End PBXVariantGroup section */

/* Begin XCBuildConfiguration section */
		404009D61E2B15F000DD6C39 /* Debug */ = {
			isa = XCBuildConfiguration;
			buildSettings = {
				ALWAYS_SEARCH_USER_PATHS = NO;
				CLANG_ANALYZER_NONNULL = YES;
				CLANG_CXX_LANGUAGE_STANDARD = "gnu++0x";
				CLANG_CXX_LIBRARY = "libc++";
				CLANG_ENABLE_MODULES = YES;
				CLANG_ENABLE_OBJC_ARC = YES;
				CLANG_WARN_BOOL_CONVERSION = YES;
				CLANG_WARN_CONSTANT_CONVERSION = YES;
				CLANG_WARN_DIRECT_OBJC_ISA_USAGE = YES_ERROR;
				CLANG_WARN_DOCUMENTATION_COMMENTS = YES;
				CLANG_WARN_EMPTY_BODY = YES;
				CLANG_WARN_ENUM_CONVERSION = YES;
				CLANG_WARN_INFINITE_RECURSION = YES;
				CLANG_WARN_INT_CONVERSION = YES;
				CLANG_WARN_OBJC_ROOT_CLASS = YES_ERROR;
				CLANG_WARN_SUSPICIOUS_MOVE = YES;
				CLANG_WARN_UNREACHABLE_CODE = YES;
				CLANG_WARN__DUPLICATE_METHOD_MATCH = YES;
				"CODE_SIGN_IDENTITY[sdk=iphoneos*]" = "iPhone Developer";
				COPY_PHASE_STRIP = NO;
				DEBUG_INFORMATION_FORMAT = dwarf;
				ENABLE_STRICT_OBJC_MSGSEND = YES;
				ENABLE_TESTABILITY = YES;
				GCC_C_LANGUAGE_STANDARD = gnu99;
				GCC_DYNAMIC_NO_PIC = NO;
				GCC_NO_COMMON_BLOCKS = YES;
				GCC_OPTIMIZATION_LEVEL = 0;
				GCC_PREPROCESSOR_DEFINITIONS = (
					"DEBUG=1",
					"$(inherited)",
				);
				GCC_WARN_64_TO_32_BIT_CONVERSION = YES;
				GCC_WARN_ABOUT_RETURN_TYPE = YES_ERROR;
				GCC_WARN_UNDECLARED_SELECTOR = YES;
				GCC_WARN_UNINITIALIZED_AUTOS = YES_AGGRESSIVE;
				GCC_WARN_UNUSED_FUNCTION = YES;
				GCC_WARN_UNUSED_VARIABLE = YES;
				IPHONEOS_DEPLOYMENT_TARGET = 10.2;
				MTL_ENABLE_DEBUG_INFO = YES;
				ONLY_ACTIVE_ARCH = YES;
				SDKROOT = iphoneos;
				SWIFT_ACTIVE_COMPILATION_CONDITIONS = DEBUG;
				SWIFT_OPTIMIZATION_LEVEL = "-Onone";
			};
			name = Debug;
		};
		404009D71E2B15F000DD6C39 /* Release */ = {
			isa = XCBuildConfiguration;
			buildSettings = {
				ALWAYS_SEARCH_USER_PATHS = NO;
				CLANG_ANALYZER_NONNULL = YES;
				CLANG_CXX_LANGUAGE_STANDARD = "gnu++0x";
				CLANG_CXX_LIBRARY = "libc++";
				CLANG_ENABLE_MODULES = YES;
				CLANG_ENABLE_OBJC_ARC = YES;
				CLANG_WARN_BOOL_CONVERSION = YES;
				CLANG_WARN_CONSTANT_CONVERSION = YES;
				CLANG_WARN_DIRECT_OBJC_ISA_USAGE = YES_ERROR;
				CLANG_WARN_DOCUMENTATION_COMMENTS = YES;
				CLANG_WARN_EMPTY_BODY = YES;
				CLANG_WARN_ENUM_CONVERSION = YES;
				CLANG_WARN_INFINITE_RECURSION = YES;
				CLANG_WARN_INT_CONVERSION = YES;
				CLANG_WARN_OBJC_ROOT_CLASS = YES_ERROR;
				CLANG_WARN_SUSPICIOUS_MOVE = YES;
				CLANG_WARN_UNREACHABLE_CODE = YES;
				CLANG_WARN__DUPLICATE_METHOD_MATCH = YES;
				"CODE_SIGN_IDENTITY[sdk=iphoneos*]" = "iPhone Developer";
				COPY_PHASE_STRIP = NO;
				DEBUG_INFORMATION_FORMAT = "dwarf-with-dsym";
				ENABLE_NS_ASSERTIONS = NO;
				ENABLE_STRICT_OBJC_MSGSEND = YES;
				GCC_C_LANGUAGE_STANDARD = gnu99;
				GCC_NO_COMMON_BLOCKS = YES;
				GCC_WARN_64_TO_32_BIT_CONVERSION = YES;
				GCC_WARN_ABOUT_RETURN_TYPE = YES_ERROR;
				GCC_WARN_UNDECLARED_SELECTOR = YES;
				GCC_WARN_UNINITIALIZED_AUTOS = YES_AGGRESSIVE;
				GCC_WARN_UNUSED_FUNCTION = YES;
				GCC_WARN_UNUSED_VARIABLE = YES;
				IPHONEOS_DEPLOYMENT_TARGET = 10.2;
				MTL_ENABLE_DEBUG_INFO = NO;
				SDKROOT = iphoneos;
				SWIFT_OPTIMIZATION_LEVEL = "-Owholemodule";
				VALIDATE_PRODUCT = YES;
			};
			name = Release;
		};
		404009D91E2B15F000DD6C39 /* Debug */ = {
			isa = XCBuildConfiguration;
			buildSettings = {
				ASSETCATALOG_COMPILER_APPICON_NAME = AppIcon;
				DEVELOPMENT_TEAM = 6PV3E3Y4LF;
				INFOPLIST_FILE = MYVideoPlayer/Info.plist;
				LD_RUNPATH_SEARCH_PATHS = "$(inherited) @executable_path/Frameworks";
				PRODUCT_BUNDLE_IDENTIFIER = com.zhuyifeng.MYVideoPlayer;
				PRODUCT_NAME = "$(TARGET_NAME)";
				SWIFT_VERSION = 3.0;
			};
			name = Debug;
		};
		404009DA1E2B15F000DD6C39 /* Release */ = {
			isa = XCBuildConfiguration;
			buildSettings = {
				ASSETCATALOG_COMPILER_APPICON_NAME = AppIcon;
				DEVELOPMENT_TEAM = 6PV3E3Y4LF;
				INFOPLIST_FILE = MYVideoPlayer/Info.plist;
				LD_RUNPATH_SEARCH_PATHS = "$(inherited) @executable_path/Frameworks";
				PRODUCT_BUNDLE_IDENTIFIER = com.zhuyifeng.MYVideoPlayer;
				PRODUCT_NAME = "$(TARGET_NAME)";
				SWIFT_VERSION = 3.0;
			};
			name = Release;
		};
/* End XCBuildConfiguration section */

/* Begin XCConfigurationList section */
		404009C11E2B15F000DD6C39 /* Build configuration list for PBXProject "MYVideoPlayer" */ = {
			isa = XCConfigurationList;
			buildConfigurations = (
				404009D61E2B15F000DD6C39 /* Debug */,
				404009D71E2B15F000DD6C39 /* Release */,
			);
			defaultConfigurationIsVisible = 0;
			defaultConfigurationName = Release;
		};
		404009D81E2B15F000DD6C39 /* Build configuration list for PBXNativeTarget "MYVideoPlayer" */ = {
			isa = XCConfigurationList;
			buildConfigurations = (
				404009D91E2B15F000DD6C39 /* Debug */,
				404009DA1E2B15F000DD6C39 /* Release */,
			);
			defaultConfigurationIsVisible = 0;
		};
/* End XCConfigurationList section */
	};
	rootObject = 404009BE1E2B15F000DD6C39 /* Project object */;
}
